// !$*UTF8*$!
{
	archiveVersion = 1;
	classes = {
	};
	objectVersion = 46;
	objects = {

/* Begin PBXBuildFile section */
		ADA2AD6D1C27E87B00982AF4 /* main.m in Sources */ = {isa = PBXBuildFile; fileRef = ADA2AD6C1C27E87B00982AF4 /* main.m */; };
		ADA2AD701C27E87B00982AF4 /* AppDelegate.m in Sources */ = {isa = PBXBuildFile; fileRef = ADA2AD6F1C27E87B00982AF4 /* AppDelegate.m */; };
		ADA2AD731C27E87B00982AF4 /* ViewController.m in Sources */ = {isa = PBXBuildFile; fileRef = ADA2AD721C27E87B00982AF4 /* ViewController.m */; };
		ADA2AD761C27E87B00982AF4 /* Main.storyboard in Resources */ = {isa = PBXBuildFile; fileRef = ADA2AD741C27E87B00982AF4 /* Main.storyboard */; };
		ADA2AD781C27E87B00982AF4 /* Images.xcassets in Resources */ = {isa = PBXBuildFile; fileRef = ADA2AD771C27E87B00982AF4 /* Images.xcassets */; };
		ADA2AD7B1C27E87B00982AF4 /* LaunchScreen.xib in Resources */ = {isa = PBXBuildFile; fileRef = ADA2AD791C27E87B00982AF4 /* LaunchScreen.xib */; };
		ADA2AD871C27E87B00982AF4 /* AuthorDemoTests.m in Sources */ = {isa = PBXBuildFile; fileRef = ADA2AD861C27E87B00982AF4 /* AuthorDemoTests.m */; };
		ADA2AD911C27F11100982AF4 /* AuthorDemo.png in Resources */ = {isa = PBXBuildFile; fileRef = ADA2AD901C27F11100982AF4 /* AuthorDemo.png */; };
/* End PBXBuildFile section */

/* Begin PBXContainerItemProxy section */
		ADA2AD811C27E87B00982AF4 /* PBXContainerItemProxy */ = {
			isa = PBXContainerItemProxy;
			containerPortal = ADA2AD5F1C27E87B00982AF4 /* Project object */;
			proxyType = 1;
			remoteGlobalIDString = ADA2AD661C27E87B00982AF4;
			remoteInfo = AuthorDemo;
		};
/* End PBXContainerItemProxy section */

/* Begin PBXFileReference section */
		ADA2AD671C27E87B00982AF4 /* AuthorDemo.app */ = {isa = PBXFileReference; explicitFileType = wrapper.application; includeInIndex = 0; path = AuthorDemo.app; sourceTree = BUILT_PRODUCTS_DIR; };
		ADA2AD6B1C27E87B00982AF4 /* Info.plist */ = {isa = PBXFileReference; lastKnownFileType = text.plist.xml; path = Info.plist; sourceTree = "<group>"; };
		ADA2AD6C1C27E87B00982AF4 /* main.m */ = {isa = PBXFileReference; lastKnownFileType = sourcecode.c.objc; path = main.m; sourceTree = "<group>"; };
		ADA2AD6E1C27E87B00982AF4 /* AppDelegate.h */ = {isa = PBXFileReference; lastKnownFileType = sourcecode.c.h; path = AppDelegate.h; sourceTree = "<group>"; };
		ADA2AD6F1C27E87B00982AF4 /* AppDelegate.m */ = {isa = PBXFileReference; lastKnownFileType = sourcecode.c.objc; path = AppDelegate.m; sourceTree = "<group>"; };
		ADA2AD711C27E87B00982AF4 /* ViewController.h */ = {isa = PBXFileReference; lastKnownFileType = sourcecode.c.h; path = ViewController.h; sourceTree = "<group>"; };
		ADA2AD721C27E87B00982AF4 /* ViewController.m */ = {isa = PBXFileReference; lastKnownFileType = sourcecode.c.objc; path = ViewController.m; sourceTree = "<group>"; };
		ADA2AD751C27E87B00982AF4 /* Base */ = {isa = PBXFileReference; lastKnownFileType = file.storyboard; name = Base; path = Base.lproj/Main.storyboard; sourceTree = "<group>"; };
		ADA2AD771C27E87B00982AF4 /* Images.xcassets */ = {isa = PBXFileReference; lastKnownFileType = folder.assetcatalog; path = Images.xcassets; sourceTree = "<group>"; };
		ADA2AD7A1C27E87B00982AF4 /* Base */ = {isa = PBXFileReference; lastKnownFileType = file.xib; name = Base; path = Base.lproj/LaunchScreen.xib; sourceTree = "<group>"; };
		ADA2AD801C27E87B00982AF4 /* AuthorDemoTests.xctest */ = {isa = PBXFileReference; explicitFileType = wrapper.cfbundle; includeInIndex = 0; path = AuthorDemoTests.xctest; sourceTree = BUILT_PRODUCTS_DIR; };
		ADA2AD851C27E87B00982AF4 /* Info.plist */ = {isa = PBXFileReference; lastKnownFileType = text.plist.xml; path = Info.plist; sourceTree = "<group>"; };
		ADA2AD861C27E87B00982AF4 /* AuthorDemoTests.m */ = {isa = PBXFileReference; lastKnownFileType = sourcecode.c.objc; path = AuthorDemoTests.m; sourceTree = "<group>"; };
		ADA2AD901C27F11100982AF4 /* AuthorDemo.png */ = {isa = PBXFileReference; lastKnownFileType = image.png; path = AuthorDemo.png; sourceTree = "<group>"; };
/* End PBXFileReference section */

/* Begin PBXFrameworksBuildPhase section */
		ADA2AD641C27E87B00982AF4 /* Frameworks */ = {
			isa = PBXFrameworksBuildPhase;
			buildActionMask = 2147483647;
			files = (
			);
			runOnlyForDeploymentPostprocessing = 0;
		};
		ADA2AD7D1C27E87B00982AF4 /* Frameworks */ = {
			isa = PBXFrameworksBuildPhase;
			buildActionMask = 2147483647;
			files = (
			);
			runOnlyForDeploymentPostprocessing = 0;
		};
/* End PBXFrameworksBuildPhase section */

/* Begin PBXGroup section */
		ADA2AD5E1C27E87B00982AF4 = {
			isa = PBXGroup;
			children = (
				ADA2AD691C27E87B00982AF4 /* AuthorDemo */,
				ADA2AD831C27E87B00982AF4 /* AuthorDemoTests */,
				ADA2AD681C27E87B00982AF4 /* Products */,
				ADA2AD901C27F11100982AF4 /* AuthorDemo.png */,
			);
			sourceTree = "<group>";
		};
		ADA2AD681C27E87B00982AF4 /* Products */ = {
			isa = PBXGroup;
			children = (
				ADA2AD671C27E87B00982AF4 /* AuthorDemo.app */,
				ADA2AD801C27E87B00982AF4 /* AuthorDemoTests.xctest */,
			);
			name = Products;
			sourceTree = "<group>";
		};
		ADA2AD691C27E87B00982AF4 /* AuthorDemo */ = {
			isa = PBXGroup;
			children = (
				ADA2AD6E1C27E87B00982AF4 /* AppDelegate.h */,
				ADA2AD6F1C27E87B00982AF4 /* AppDelegate.m */,
				ADA2AD711C27E87B00982AF4 /* ViewController.h */,
				ADA2AD721C27E87B00982AF4 /* ViewController.m */,
				ADA2AD741C27E87B00982AF4 /* Main.storyboard */,
				ADA2AD771C27E87B00982AF4 /* Images.xcassets */,
				ADA2AD791C27E87B00982AF4 /* LaunchScreen.xib */,
				ADA2AD6A1C27E87B00982AF4 /* Supporting Files */,
			);
			path = AuthorDemo;
			sourceTree = "<group>";
		};
		ADA2AD6A1C27E87B00982AF4 /* Supporting Files */ = {
			isa = PBXGroup;
			children = (
				ADA2AD6B1C27E87B00982AF4 /* Info.plist */,
				ADA2AD6C1C27E87B00982AF4 /* main.m */,
			);
			name = "Supporting Files";
			sourceTree = "<group>";
		};
		ADA2AD831C27E87B00982AF4 /* AuthorDemoTests */ = {
			isa = PBXGroup;
			children = (
				ADA2AD861C27E87B00982AF4 /* AuthorDemoTests.m */,
				ADA2AD841C27E87B00982AF4 /* Supporting Files */,
			);
			path = AuthorDemoTests;
			sourceTree = "<group>";
		};
		ADA2AD841C27E87B00982AF4 /* Supporting Files */ = {
			isa = PBXGroup;
			children = (
				ADA2AD851C27E87B00982AF4 /* Info.plist */,
			);
			name = "Supporting Files";
			sourceTree = "<group>";
		};
/* End PBXGroup section */

/* Begin PBXNativeTarget section */
		ADA2AD661C27E87B00982AF4 /* AuthorDemo */ = {
			isa = PBXNativeTarget;
			buildConfigurationList = ADA2AD8A1C27E87B00982AF4 /* Build configuration list for PBXNativeTarget "AuthorDemo" */;
			buildPhases = (
				ADA2AD631C27E87B00982AF4 /* Sources */,
				ADA2AD641C27E87B00982AF4 /* Frameworks */,
				ADA2AD651C27E87B00982AF4 /* Resources */,
			);
			buildRules = (
			);
			dependencies = (
			);
			name = AuthorDemo;
			productName = AuthorDemo;
			productReference = ADA2AD671C27E87B00982AF4 /* AuthorDemo.app */;
			productType = "com.apple.product-type.application";
		};
		ADA2AD7F1C27E87B00982AF4 /* AuthorDemoTests */ = {
			isa = PBXNativeTarget;
			buildConfigurationList = ADA2AD8D1C27E87B00982AF4 /* Build configuration list for PBXNativeTarget "AuthorDemoTests" */;
			buildPhases = (
				ADA2AD7C1C27E87B00982AF4 /* Sources */,
				ADA2AD7D1C27E87B00982AF4 /* Frameworks */,
				ADA2AD7E1C27E87B00982AF4 /* Resources */,
			);
			buildRules = (
			);
			dependencies = (
				ADA2AD821C27E87B00982AF4 /* PBXTargetDependency */,
			);
			name = AuthorDemoTests;
			productName = AuthorDemoTests;
			productReference = ADA2AD801C27E87B00982AF4 /* AuthorDemoTests.xctest */;
			productType = "com.apple.product-type.bundle.unit-test";
		};
/* End PBXNativeTarget section */

/* Begin PBXProject section */
		ADA2AD5F1C27E87B00982AF4 /* Project object */ = {
			isa = PBXProject;
			attributes = {
				LastUpgradeCheck = 0640;
				ORGANIZATIONNAME = Cloudox;
				TargetAttributes = {
					ADA2AD661C27E87B00982AF4 = {
						CreatedOnToolsVersion = 6.4;
					};
					ADA2AD7F1C27E87B00982AF4 = {
						CreatedOnToolsVersion = 6.4;
						TestTargetID = ADA2AD661C27E87B00982AF4;
					};
				};
			};
			buildConfigurationList = ADA2AD621C27E87B00982AF4 /* Build configuration list for PBXProject "AuthorDemo" */;
			compatibilityVersion = "Xcode 3.2";
			developmentRegion = English;
			hasScannedForEncodings = 0;
			knownRegions = (
				en,
				Base,
			);
			mainGroup = ADA2AD5E1C27E87B00982AF4;
			productRefGroup = ADA2AD681C27E87B00982AF4 /* Products */;
			projectDirPath = "";
			projectRoot = "";
			targets = (
				ADA2AD661C27E87B00982AF4 /* AuthorDemo */,
				ADA2AD7F1C27E87B00982AF4 /* AuthorDemoTests */,
			);
		};
/* End PBXProject section */

/* Begin PBXResourcesBuildPhase section */
		ADA2AD651C27E87B00982AF4 /* Resources */ = {
			isa = PBXResourcesBuildPhase;
			buildActionMask = 2147483647;
			files = (
				ADA2AD761C27E87B00982AF4 /* Main.storyboard in Resources */,
				ADA2AD911C27F11100982AF4 /* AuthorDemo.png in Resources */,
				ADA2AD7B1C27E87B00982AF4 /* LaunchScreen.xib in Resources */,
				ADA2AD781C27E87B00982AF4 /* Images.xcassets in Resources */,
			);
			runOnlyForDeploymentPostprocessing = 0;
		};
		ADA2AD7E1C27E87B00982AF4 /* Resources */ = {
			isa = PBXResourcesBuildPhase;
			buildActionMask = 2147483647;
			files = (
			);
			runOnlyForDeploymentPostprocessing = 0;
		};
/* End PBXResourcesBuildPhase section */

/* Begin PBXSourcesBuildPhase section */
		ADA2AD631C27E87B00982AF4 /* Sources */ = {
			isa = PBXSourcesBuildPhase;
			buildActionMask = 2147483647;
			files = (
				ADA2AD731C27E87B00982AF4 /* ViewController.m in Sources */,
				ADA2AD701C27E87B00982AF4 /* AppDelegate.m in Sources */,
				ADA2AD6D1C27E87B00982AF4 /* main.m in Sources */,
			);
			runOnlyForDeploymentPostprocessing = 0;
		};
		ADA2AD7C1C27E87B00982AF4 /* Sources */ = {
			isa = PBXSourcesBuildPhase;
			buildActionMask = 2147483647;
			files = (
				ADA2AD871C27E87B00982AF4 /* AuthorDemoTests.m in Sources */,
			);
			runOnlyForDeploymentPostprocessing = 0;
		};
/* End PBXSourcesBuildPhase section */

/* Begin PBXTargetDependency section */
		ADA2AD821C27E87B00982AF4 /* PBXTargetDependency */ = {
			isa = PBXTargetDependency;
			target = ADA2AD661C27E87B00982AF4 /* AuthorDemo */;
			targetProxy = ADA2AD811C27E87B00982AF4 /* PBXContainerItemProxy */;
		};
/* End PBXTargetDependency section */

/* Begin PBXVariantGroup section */
		ADA2AD741C27E87B00982AF4 /* Main.storyboard */ = {
			isa = PBXVariantGroup;
			children = (
				ADA2AD751C27E87B00982AF4 /* Base */,
			);
			name = Main.storyboard;
			sourceTree = "<group>";
		};
		ADA2AD791C27E87B00982AF4 /* LaunchScreen.xib */ = {
			isa = PBXVariantGroup;
			children = (
				ADA2AD7A1C27E87B00982AF4 /* Base */,
			);
			name = LaunchScreen.xib;
			sourceTree = "<group>";
		};
/* End PBXVariantGroup section */

/* Begin XCBuildConfiguration section */
		ADA2AD881C27E87B00982AF4 /* Debug */ = {
			isa = XCBuildConfiguration;
			buildSettings = {
				ALWAYS_SEARCH_USER_PATHS = NO;
				CLANG_CXX_LANGUAGE_STANDARD = "gnu++0x";
				CLANG_CXX_LIBRARY = "libc++";
				CLANG_ENABLE_MODULES = YES;
				CLANG_ENABLE_OBJC_ARC = YES;
				CLANG_WARN_BOOL_CONVERSION = YES;
				CLANG_WARN_CONSTANT_CONVERSION = YES;
				CLANG_WARN_DIRECT_OBJC_ISA_USAGE = YES_ERROR;
				CLANG_WARN_EMPTY_BODY = YES;
				CLANG_WARN_ENUM_CONVERSION = YES;
				CLANG_WARN_INT_CONVERSION = YES;
				CLANG_WARN_OBJC_ROOT_CLASS = YES_ERROR;
				CLANG_WARN_UNREACHABLE_CODE = YES;
				CLANG_WARN__DUPLICATE_METHOD_MATCH = YES;
				"CODE_SIGN_IDENTITY[sdk=iphoneos*]" = "iPhone Developer";
				COPY_PHASE_STRIP = NO;
				DEBUG_INFORMATION_FORMAT = "dwarf-with-dsym";
				ENABLE_STRICT_OBJC_MSGSEND = YES;
				GCC_C_LANGUAGE_STANDARD = gnu99;
				GCC_DYNAMIC_NO_PIC = NO;
				GCC_NO_COMMON_BLOCKS = YES;
				GCC_OPTIMIZATION_LEVEL = 0;
				GCC_PREPROCESSOR_DEFINITIONS = (
					"DEBUG=1",
					"$(inherited)",
				);
				GCC_SYMBOLS_PRIVATE_EXTERN = NO;
				GCC_WARN_64_TO_32_BIT_CONVERSION = YES;
				GCC_WARN_ABOUT_RETURN_TYPE = YES_ERROR;
				GCC_WARN_UNDECLARED_SELECTOR = YES;
				GCC_WARN_UNINITIALIZED_AUTOS = YES_AGGRESSIVE;
				GCC_WARN_UNUSED_FUNCTION = YES;
				GCC_WARN_UNUSED_VARIABLE = YES;
				IPHONEOS_DEPLOYMENT_TARGET = 8.4;
				MTL_ENABLE_DEBUG_INFO = YES;
				ONLY_ACTIVE_ARCH = YES;
				SDKROOT = iphoneos;
			};
			name = Debug;
		};
		ADA2AD891C27E87B00982AF4 /* Release */ = {
			isa = XCBuildConfiguration;
			buildSettings = {
				ALWAYS_SEARCH_USER_PATHS = NO;
				CLANG_CXX_LANGUAGE_STANDARD = "gnu++0x";
				CLANG_CXX_LIBRARY = "libc++";
				CLANG_ENABLE_MODULES = YES;
				CLANG_ENABLE_OBJC_ARC = YES;
				CLANG_WARN_BOOL_CONVERSION = YES;
				CLANG_WARN_CONSTANT_CONVERSION = YES;
				CLANG_WARN_DIRECT_OBJC_ISA_USAGE = YES_ERROR;
				CLANG_WARN_EMPTY_BODY = YES;
				CLANG_WARN_ENUM_CONVERSION = YES;
				CLANG_WARN_INT_CONVERSION = YES;
				CLANG_WARN_OBJC_ROOT_CLASS = YES_ERROR;
				CLANG_WARN_UNREACHABLE_CODE = YES;
				CLANG_WARN__DUPLICATE_METHOD_MATCH = YES;
				"CODE_SIGN_IDENTITY[sdk=iphoneos*]" = "iPhone Developer";
				COPY_PHASE_STRIP = NO;
				DEBUG_INFORMATION_FORMAT = "dwarf-with-dsym";
				ENABLE_NS_ASSERTIONS = NO;
				ENABLE_STRICT_OBJC_MSGSEND = YES;
				GCC_C_LANGUAGE_STANDARD = gnu99;
				GCC_NO_COMMON_BLOCKS = YES;
				GCC_WARN_64_TO_32_BIT_CONVERSION = YES;
				GCC_WARN_ABOUT_RETURN_TYPE = YES_ERROR;
				GCC_WARN_UNDECLARED_SELECTOR = YES;
				GCC_WARN_UNINITIALIZED_AUTOS = YES_AGGRESSIVE;
				GCC_WARN_UNUSED_FUNCTION = YES;
				GCC_WARN_UNUSED_VARIABLE = YES;
				IPHONEOS_DEPLOYMENT_TARGET = 8.4;
				MTL_ENABLE_DEBUG_INFO = NO;
				SDKROOT = iphoneos;
				VALIDATE_PRODUCT = YES;
			};
			name = Release;
		};
		ADA2AD8B1C27E87B00982AF4 /* Debug */ = {
			isa = XCBuildConfiguration;
			buildSettings = {
				ASSETCATALOG_COMPILER_APPICON_NAME = AppIcon;
				INFOPLIST_FILE = AuthorDemo/Info.plist;
				LD_RUNPATH_SEARCH_PATHS = "$(inherited) @executable_path/Frameworks";
				PRODUCT_NAME = "$(TARGET_NAME)";
			};
			name = Debug;
		};
		ADA2AD8C1C27E87B00982AF4 /* Release */ = {
			isa = XCBuildConfiguration;
			buildSettings = {
				ASSETCATALOG_COMPILER_APPICON_NAME = AppIcon;
				INFOPLIST_FILE = AuthorDemo/Info.plist;
				LD_RUNPATH_SEARCH_PATHS = "$(inherited) @executable_path/Frameworks";
				PRODUCT_NAME = "$(TARGET_NAME)";
			};
			name = Release;
		};
		ADA2AD8E1C27E87B00982AF4 /* Debug */ = {
			isa = XCBuildConfiguration;
			buildSettings = {
				BUNDLE_LOADER = "$(TEST_HOST)";
				FRAMEWORK_SEARCH_PATHS = (
					"$(SDKROOT)/Developer/Library/Frameworks",
					"$(inherited)",
				);
				GCC_PREPROCESSOR_DEFINITIONS = (
					"DEBUG=1",
					"$(inherited)",
				);
				INFOPLIST_FILE = AuthorDemoTests/Info.plist;
				LD_RUNPATH_SEARCH_PATHS = "$(inherited) @executable_path/Frameworks @loader_path/Frameworks";
				PRODUCT_NAME = "$(TARGET_NAME)";
				TEST_HOST = "$(BUILT_PRODUCTS_DIR)/AuthorDemo.app/AuthorDemo";
			};
			name = Debug;
		};
		ADA2AD8F1C27E87B00982AF4 /* Release */ = {
			isa = XCBuildConfiguration;
			buildSettings = {
				BUNDLE_LOADER = "$(TEST_HOST)";
				FRAMEWORK_SEARCH_PATHS = (
					"$(SDKROOT)/Developer/Library/Frameworks",
					"$(inherited)",
				);
				INFOPLIST_FILE = AuthorDemoTests/Info.plist;
				LD_RUNPATH_SEARCH_PATHS = "$(inherited) @executable_path/Frameworks @loader_path/Frameworks";
				PRODUCT_NAME = "$(TARGET_NAME)";
				TEST_HOST = "$(BUILT_PRODUCTS_DIR)/AuthorDemo.app/AuthorDemo";
			};
			name = Release;
		};
/* End XCBuildConfiguration section */

/* Begin XCConfigurationList section */
		ADA2AD621C27E87B00982AF4 /* Build configuration list for PBXProject "AuthorDemo" */ = {
			isa = XCConfigurationList;
			buildConfigurations = (
				ADA2AD881C27E87B00982AF4 /* Debug */,
				ADA2AD891C27E87B00982AF4 /* Release */,
			);
			defaultConfigurationIsVisible = 0;
			defaultConfigurationName = Release;
		};
		ADA2AD8A1C27E87B00982AF4 /* Build configuration list for PBXNativeTarget "AuthorDemo" */ = {
			isa = XCConfigurationList;
			buildConfigurations = (
				ADA2AD8B1C27E87B00982AF4 /* Debug */,
				ADA2AD8C1C27E87B00982AF4 /* Release */,
			);
			defaultConfigurationIsVisible = 0;
		};
		ADA2AD8D1C27E87B00982AF4 /* Build configuration list for PBXNativeTarget "AuthorDemoTests" */ = {
			isa = XCConfigurationList;
			buildConfigurations = (
				ADA2AD8E1C27E87B00982AF4 /* Debug */,
				ADA2AD8F1C27E87B00982AF4 /* Release */,
			);
			defaultConfigurationIsVisible = 0;
		};
/* End XCConfigurationList section */
	};
	rootObject = ADA2AD5F1C27E87B00982AF4 /* Project object */;
}
